
Microsoft Visual Studio Solution File, Format Version 12.00
# Visual Studio Version 17
VisualStudioVersion = 17.11.35222.181
MinimumVisualStudioVersion = 10.0.40219.1
Project("{9A19103F-16F7-4668-BE54-9A1E7A4F7556}") = "Api", "Api\Api.csproj", "{1619CBD3-FA75-4117-9B47-172432BEFE22}"
EndProject
Project("{FAE04EC0-301F-11D3-BF4B-00C04F79EFBC}") = "Application", "Application\Application.csproj", "{C1D0B7B7-688F-4D91-8975-72FE5C75FF68}"
EndProject
Project("{2150E333-8FDC-42A3-9474-1A3956D46DE8}") = "Infrastucture", "Infrastucture", "{02EA681E-C7D8-13C7-8484-4AC65E1B71E8}"
EndProject
Project("{FAE04EC0-301F-11D3-BF4B-00C04F79EFBC}") = "Database.EfCore", "EfCore\Database.EfCore.csproj", "{8AEC37DB-7674-9015-95CC-053DF1AC3C23}"
EndProject
Project("{FAE04EC0-301F-11D3-BF4B-00C04F79EFBC}") = "Domain", "Domain\Domain.csproj", "{4A7FA168-C540-4959-B5DF-E432F6B6021C}"
EndProject
Global
	GlobalSection(SolutionConfigurationPlatforms) = preSolution
		Debug|Any CPU = Debug|Any CPU
		Release|Any CPU = Release|Any CPU
	EndGlobalSection
	GlobalSection(ProjectConfigurationPlatforms) = postSolution
		{1619CBD3-FA75-4117-9B47-172432BEFE22}.Debug|Any CPU.ActiveCfg = Debug|Any CPU
		{1619CBD3-FA75-4117-9B47-172432BEFE22}.Debug|Any CPU.Build.0 = Debug|Any CPU
		{1619CBD3-FA75-4117-9B47-172432BEFE22}.Release|Any CPU.ActiveCfg = Release|Any CPU
		{1619CBD3-FA75-4117-9B47-172432BEFE22}.Release|Any CPU.Build.0 = Release|Any CPU
		{C1D0B7B7-688F-4D91-8975-72FE5C75FF68}.Debug|Any CPU.ActiveCfg = Debug|Any CPU
		{C1D0B7B7-688F-4D91-8975-72FE5C75FF68}.Debug|Any CPU.Build.0 = Debug|Any CPU
		{C1D0B7B7-688F-4D91-8975-72FE5C75FF68}.Release|Any CPU.ActiveCfg = Release|Any CPU
		{C1D0B7B7-688F-4D91-8975-72FE5C75FF68}.Release|Any CPU.Build.0 = Release|Any CPU
		{8AEC37DB-7674-9015-95CC-053DF1AC3C23}.Debug|Any CPU.ActiveCfg = Debug|Any CPU
		{8AEC37DB-7674-9015-95CC-053DF1AC3C23}.Debug|Any CPU.Build.0 = Debug|Any CPU
		{8AEC37DB-7674-9015-95CC-053DF1AC3C23}.Release|Any CPU.ActiveCfg = Release|Any CPU
		{8AEC37DB-7674-9015-95CC-053DF1AC3C23}.Release|Any CPU.Build.0 = Release|Any CPU
		{4A7FA168-C540-4959-B5DF-E432F6B6021C}.Debug|Any CPU.ActiveCfg = Debug|Any CPU
		{4A7FA168-C540-4959-B5DF-E432F6B6021C}.Debug|Any CPU.Build.0 = Debug|Any CPU
		{4A7FA168-C540-4959-B5DF-E432F6B6021C}.Release|Any CPU.ActiveCfg = Release|Any CPU
		{4A7FA168-C540-4959-B5DF-E432F6B6021C}.Release|Any CPU.Build.0 = Release|Any CPU
	EndGlobalSection
	GlobalSection(SolutionProperties) = preSolution
		HideSolutionNode = FALSE
	EndGlobalSection
	GlobalSection(NestedProjects) = preSolution
		{8AEC37DB-7674-9015-95CC-053DF1AC3C23} = {02EA681E-C7D8-13C7-8484-4AC65E1B71E8}
	EndGlobalSection
	GlobalSection(ExtensibilityGlobals) = postSolution
		SolutionGuid = {225C5154-4F5D-4432-A9C4-F20D886561F8}
	EndGlobalSection
EndGlobal
